{
  "name": "compilers-principles",
  "version": "0.1.0",
  "lockfileVersion": 1,
  "requires": true,
  "dependencies": {
    "linq": {
      "version": "3.1.1",
      "resolved": "https://registry.npmjs.org/linq/-/linq-3.1.1.tgz",
      "integrity": "sha512-A71Vnqe93xFkYYTuTzne1dQ+tVzXwYRrgZE3koGbXVd+3Ie5IiBgCpaFTnG+XkaSW/vPmsFAt2rG4znmJAxKlw=="
    },
    "typescript": {
      "version": "3.1.6",
      "resolved": "https://registry.npmjs.org/typescript/-/typescript-3.1.6.tgz",
      "integrity": "sha512-tDMYfVtvpb96msS1lDX9MEdHrW4yOuZ4Kdc4Him9oU796XldPYF/t2+uKoX0BBa0hXXwDlqYQbXY5Rzjzc5hBA==",
      "dev": true
    }
  }
}
